
Microsoft Visual Studio Solution File, Format Version 12.00
# Visual Studio Version 17
VisualStudioVersion = 17.0.31903.59
MinimumVisualStudioVersion = 10.0.40219.1
Project("{FAE04EC0-301F-11D3-BF4B-00C04F79EFBC}") = "AFriendServer", "AFriendServer\AFriendServer.csproj", "{A353104F-A103-4607-B220-7A0EDA7AB9AF}"
EndProject
Global
	GlobalSection(SolutionConfigurationPlatforms) = preSolution
		Debug|Any CPU = Debug|Any CPU
		Release|Any CPU = Release|Any CPU
	EndGlobalSection
	GlobalSection(ProjectConfigurationPlatforms) = postSolution
		{A353104F-A103-4607-B220-7A0EDA7AB9AF}.Debug|Any CPU.ActiveCfg = Debug|Any CPU
		{A353104F-A103-4607-B220-7A0EDA7AB9AF}.Debug|Any CPU.Build.0 = Debug|Any CPU
		{A353104F-A103-4607-B220-7A0EDA7AB9AF}.Release|Any CPU.ActiveCfg = Release|Any CPU
		{A353104F-A103-4607-B220-7A0EDA7AB9AF}.Release|Any CPU.Build.0 = Release|Any CPU
	EndGlobalSection
	GlobalSection(SolutionProperties) = preSolution
		HideSolutionNode = FALSE
	EndGlobalSection
	GlobalSection(ExtensibilityGlobals) = postSolution
		SolutionGuid = {C8738326-3901-4E7A-BC1A-5D285FCEFEF2}
	EndGlobalSection
EndGlobal
